PODS:
  - Amplitude-iOS (4.6.0)
  - Analytics (3.6.10)
  - AppAuth (0.95.1)
  - Bolts (1.9.0):
    - Bolts/AppLinks (= 1.9.0)
    - Bolts/Tasks (= 1.9.0)
  - Bolts/AppLinks (1.9.0):
    - Bolts/Tasks
  - Bolts/Tasks (1.9.0)
  - boost-for-react-native (1.63.0)
  - DoubleConversion (1.1.6)
  - EXAdsAdMob (5.0.0-rc.0):
    - Google-Mobile-Ads-SDK
    - UMCore
  - EXAdsFacebook (5.0.0-rc.0):
    - FBAudienceNetwork
    - UMCore
  - EXAmplitude (5.0.0-rc.0):
    - Amplitude-iOS
    - UMConstantsInterface
    - UMCore
  - EXAppAuth (5.0.0-rc.0):
    - AppAuth
    - UMCore
  - EXAppLoaderProvider (5.0.0-rc.0)
  - EXAV (5.0.0-rc.0):
    - UMCore
    - UMPermissionsInterface
  - EXBackgroundFetch (5.0.0-rc.0):
    - UMCore
    - UMTaskManagerInterface
  - EXBarCodeScanner (5.0.0-rc.0):
    - UMCore
  - EXBlur (5.0.0-rc.0):
    - UMCore
  - EXBrightness (5.0.0-rc.0):
    - UMCore
  - EXCalendar (5.0.0-rc.0):
    - UMCore
    - UMPermissionsInterface
  - EXCamera (5.0.0-rc.0):
    - UMBarCodeScannerInterface
    - UMCore
    - UMFaceDetectorInterface
    - UMFileSystemInterface
    - UMImageLoaderInterface
    - UMPermissionsInterface
  - EXConstants (5.0.0-rc.0):
    - UMConstantsInterface
    - UMCore
  - EXContacts (5.0.0-rc.0):
    - UMCore
    - UMFileSystemInterface
    - UMPermissionsInterface
  - EXCrypto (5.0.0-rc.0):
    - UMCore
  - EXDocumentPicker (5.0.0-rc.0):
    - UMCore
    - UMFileSystemInterface
  - EXFacebook (5.0.0-rc.0):
    - FBSDKCoreKit
    - FBSDKLoginKit
    - UMConstantsInterface
    - UMCore
  - EXFaceDetector (5.0.0-rc.0):
    - GoogleMobileVision/FaceDetector (~> 1.1.0)
    - GoogleMobileVision/MVDataOutput (~> 1.1.0)
    - UMCore
    - UMFaceDetectorInterface
  - EXFileSystem (5.0.0-rc.0):
    - UMCore
    - UMFileSystemInterface
  - EXFont (5.0.0-rc.0):
    - UMCore
    - UMFontInterface
  - EXGL (5.0.0-rc.0):
    - EXGL-CPP
    - UMCameraInterface
    - UMCore
    - UMFileSystemInterface
  - EXGL-CPP (5.0.0-rc.0):
    - EXGL-CPP/UEXGL (= 5.0.0-rc.0)
  - EXGL-CPP/UEXGL (5.0.0-rc.0)
  - EXGoogleSignIn (5.0.0-rc.0):
    - GoogleSignIn (~> 4.4)
    - UMCore
  - EXHaptics (5.0.0-rc.0):
    - UMCore
  - EXImageManipulator (5.0.0-rc.0):
    - UMCore
    - UMFileSystemInterface
    - UMImageLoaderInterface
  - EXImagePicker (5.0.0-rc.0):
    - UMCore
    - UMFileSystemInterface
  - EXKeepAwake (5.0.0-rc.0):
    - UMCore
  - EXLinearGradient (5.0.0-rc.0):
    - UMCore
  - EXLocalAuthentication (5.0.0-rc.0):
    - UMConstantsInterface
    - UMCore
  - EXLocalization (5.0.0-rc.0):
    - UMCore
  - EXLocation (5.0.0-rc.0):
    - UMCore
    - UMPermissionsInterface
    - UMTaskManagerInterface
  - EXMailComposer (5.0.0-rc.0):
    - UMCore
  - EXMediaLibrary (5.0.0-rc.1):
    - UMCore
    - UMPermissionsInterface
  - EXPermissions (5.0.0-rc.0):
    - UMCore
    - UMPermissionsInterface
  - EXPrint (5.0.0-rc.0):
    - UMCore
  - EXRandom (5.0.0-rc.0):
    - UMCore
  - EXSecureStore (5.0.0-rc.0):
    - UMCore
  - EXSegment (5.0.0-rc.0):
    - Analytics (~> 3.5)
    - UMConstantsInterface
    - UMCore
  - EXSensors (5.0.0-rc.0):
    - UMCore
    - UMSensorsInterface
  - EXSharing (3.0.0-rc.0):
    - UMCore
    - UMFileSystemInterface
  - EXSMS (5.0.0-rc.0):
    - UMCore
  - EXSpeech (5.0.0-rc.0):
    - UMCore
  - EXSQLite (5.0.0-rc.0):
    - UMCore
  - EXTaskManager (5.0.0-rc.0):
    - UMConstantsInterface
    - UMCore
    - UMTaskManagerInterface
  - EXVideoThumbnails (1.0.0):
    - UMCore
    - UMFileSystemInterface
  - EXWebBrowser (5.0.0-rc.0):
    - UMCore
  - FBAudienceNetwork (5.3.1)
  - FBSDKCoreKit (4.44.1):
    - Bolts (~> 1.9)
  - FBSDKLoginKit (4.44.1):
    - FBSDKCoreKit
  - Folly (2018.10.22.00):
    - boost-for-react-native
    - DoubleConversion
    - glog
  - glog (0.3.5)
  - Google-Mobile-Ads-SDK (7.41.0)
  - GoogleInterchangeUtilities (1.2.2):
    - GoogleSymbolUtilities (~> 1.1)
  - GoogleMobileVision/Detector (1.1.0):
    - GoogleInterchangeUtilities (~> 1.2)
    - GoogleNetworkingUtilities (~> 1.2)
    - GoogleUtilities (~> 1.3)
  - GoogleMobileVision/FaceDetector (1.1.0):
    - GoogleMobileVision/Detector
  - GoogleMobileVision/MVDataOutput (1.1.0):
    - GoogleMobileVision/Detector
  - GoogleNetworkingUtilities (1.2.2):
    - GoogleSymbolUtilities (~> 1.1)
  - GoogleSignIn (4.4.0):
    - "GoogleToolboxForMac/NSDictionary+URLArguments (~> 2.1)"
    - "GoogleToolboxForMac/NSString+URLArguments (~> 2.1)"
    - GTMSessionFetcher/Core (~> 1.1)
  - GoogleSymbolUtilities (1.1.2)
  - GoogleToolboxForMac/DebugUtils (2.2.0):
    - GoogleToolboxForMac/Defines (= 2.2.0)
  - GoogleToolboxForMac/Defines (2.2.0)
  - "GoogleToolboxForMac/NSDictionary+URLArguments (2.2.0)":
    - GoogleToolboxForMac/DebugUtils (= 2.2.0)
    - GoogleToolboxForMac/Defines (= 2.2.0)
    - "GoogleToolboxForMac/NSString+URLArguments (= 2.2.0)"
  - "GoogleToolboxForMac/NSString+URLArguments (2.2.0)"
  - GoogleUtilities (1.3.2):
    - GoogleSymbolUtilities (~> 1.1)
  - GTMSessionFetcher/Core (1.2.1)
  - React (0.59.5):
    - React/Core (= 0.59.5)
  - react-native-netinfo (2.0.10):
    - React
  - React/ART (0.59.5):
    - React/Core
  - React/Core (0.59.5):
    - yoga (= 0.59.5.React)
  - React/CxxBridge (0.59.5):
    - Folly (= 2018.10.22.00)
    - React/Core
    - React/cxxreact
    - React/jsiexecutor
  - React/cxxreact (0.59.5):
    - boost-for-react-native (= 1.63.0)
    - DoubleConversion
    - Folly (= 2018.10.22.00)
    - glog
    - React/jsinspector
  - React/DevSupport (0.59.5):
    - React/Core
    - React/RCTWebSocket
  - React/fishhook (0.59.5)
  - React/jsi (0.59.5):
    - DoubleConversion
    - Folly (= 2018.10.22.00)
    - glog
  - React/jsiexecutor (0.59.5):
    - DoubleConversion
    - Folly (= 2018.10.22.00)
    - glog
    - React/cxxreact
    - React/jsi
  - React/jsinspector (0.59.5)
  - React/RCTActionSheet (0.59.5):
    - React/Core
  - React/RCTAnimation (0.59.5):
    - React/Core
  - React/RCTBlob (0.59.5):
    - React/Core
  - React/RCTCameraRoll (0.59.5):
    - React/Core
    - React/RCTImage
  - React/RCTGeolocation (0.59.5):
    - React/Core
  - React/RCTImage (0.59.5):
    - React/Core
    - React/RCTNetwork
  - React/RCTLinkingIOS (0.59.5):
    - React/Core
  - React/RCTNetwork (0.59.5):
    - React/Core
  - React/RCTText (0.59.5):
    - React/Core
  - React/RCTVibration (0.59.5):
    - React/Core
  - React/RCTWebSocket (0.59.5):
    - React/Core
    - React/fishhook
    - React/RCTBlob
  - RNGestureHandler (1.2.1):
    - React
  - RNReanimated (1.0.1):
    - React
  - UMBarCodeScannerInterface (2.0.0-rc.0)
  - UMCameraInterface (2.0.0-rc.0)
  - UMConstantsInterface (2.0.0-rc.0)
  - UMCore (2.0.0-alpha.0)
  - UMFaceDetectorInterface (2.0.0-rc.0)
  - UMFileSystemInterface (2.0.0-rc.0)
  - UMFontInterface (2.0.0-rc.0)
  - UMImageLoaderInterface (2.0.0-rc.0)
  - UMPermissionsInterface (2.0.0-rc.0)
  - UMReactNativeAdapter (2.0.0-alpha.0):
    - React
    - UMCore
    - UMFontInterface
  - UMSensorsInterface (2.0.0-rc.0)
  - UMTaskManagerInterface (2.0.0-rc.0)
  - yoga (0.59.5.React)

DEPENDENCIES:
  - DoubleConversion (from `../../../react-native-lab/react-native/third-party-podspecs/DoubleConversion.podspec`)
  - EXAdsAdMob (from `../../../packages/expo-ads-admob/ios`)
  - EXAdsFacebook (from `../../../packages/expo-ads-facebook/ios`)
  - EXAmplitude (from `../../../packages/expo-analytics-amplitude/ios`)
  - EXAppAuth (from `../../../packages/expo-app-auth/ios`)
  - EXAppLoaderProvider (from `../../../packages/expo-app-loader-provider/ios`)
  - EXAV (from `../../../packages/expo-av/ios`)
  - EXBackgroundFetch (from `../../../packages/expo-background-fetch/ios`)
  - EXBarCodeScanner (from `../../../packages/expo-barcode-scanner/ios`)
  - EXBlur (from `../../../packages/expo-blur/ios`)
  - EXBrightness (from `../../../packages/expo-brightness/ios`)
  - EXCalendar (from `../../../packages/expo-calendar/ios`)
  - EXCamera (from `../../../packages/expo-camera/ios`)
  - EXConstants (from `../../../packages/expo-constants/ios`)
  - EXContacts (from `../../../packages/expo-contacts/ios`)
  - EXCrypto (from `../../../packages/expo-crypto/ios`)
  - EXDocumentPicker (from `../../../packages/expo-document-picker/ios`)
  - EXFacebook (from `../../../packages/expo-facebook/ios`)
  - EXFaceDetector (from `../../../packages/expo-face-detector/ios`)
  - EXFileSystem (from `../../../packages/expo-file-system/ios`)
  - EXFont (from `../../../packages/expo-font/ios`)
  - EXGL (from `../../../packages/expo-gl/ios`)
  - EXGL-CPP (from `../../../packages/expo-gl-cpp/cpp`)
  - EXGoogleSignIn (from `../../../packages/expo-google-sign-in/ios`)
  - EXHaptics (from `../../../packages/expo-haptics/ios`)
  - EXImageManipulator (from `../../../packages/expo-image-manipulator/ios`)
  - EXImagePicker (from `../../../packages/expo-image-picker/ios`)
  - EXKeepAwake (from `../../../packages/expo-keep-awake/ios`)
  - EXLinearGradient (from `../../../packages/expo-linear-gradient/ios`)
  - EXLocalAuthentication (from `../../../packages/expo-local-authentication/ios`)
  - EXLocalization (from `../../../packages/expo-localization/ios`)
  - EXLocation (from `../../../packages/expo-location/ios`)
  - EXMailComposer (from `../../../packages/expo-mail-composer/ios`)
  - EXMediaLibrary (from `../../../packages/expo-media-library/ios`)
  - EXPermissions (from `../../../packages/expo-permissions/ios`)
  - EXPrint (from `../../../packages/expo-print/ios`)
  - EXRandom (from `../../../packages/expo-random/ios`)
  - EXSecureStore (from `../../../packages/expo-secure-store/ios`)
  - EXSegment (from `../../../packages/expo-analytics-segment/ios`)
  - EXSensors (from `../../../packages/expo-sensors/ios`)
  - EXSharing (from `../../../packages/expo-sharing/ios`)
  - EXSMS (from `../../../packages/expo-sms/ios`)
  - EXSpeech (from `../../../packages/expo-speech/ios`)
  - EXSQLite (from `../../../packages/expo-sqlite/ios`)
  - EXTaskManager (from `../../../packages/expo-task-manager/ios`)
  - EXVideoThumbnails (from `../../../packages/expo-video-thumbnails/ios`)
  - EXWebBrowser (from `../../../packages/expo-web-browser/ios`)
  - FBSDKCoreKit (~> 4.40)
  - Folly (from `../../../react-native-lab/react-native/third-party-podspecs/Folly.podspec`)
  - glog (from `../../../react-native-lab/react-native/third-party-podspecs/glog.podspec`)
  - "react-native-netinfo (from `../../../node_modules/@react-native-community/netinfo`)"
  - React/ART (from `../../../react-native-lab/react-native`)
  - React/Core (from `../../../react-native-lab/react-native`)
  - React/CxxBridge (from `../../../react-native-lab/react-native`)
  - React/DevSupport (from `../../../react-native-lab/react-native`)
  - React/RCTActionSheet (from `../../../react-native-lab/react-native`)
  - React/RCTAnimation (from `../../../react-native-lab/react-native`)
  - React/RCTCameraRoll (from `../../../react-native-lab/react-native`)
  - React/RCTGeolocation (from `../../../react-native-lab/react-native`)
  - React/RCTImage (from `../../../react-native-lab/react-native`)
  - React/RCTLinkingIOS (from `../../../react-native-lab/react-native`)
  - React/RCTNetwork (from `../../../react-native-lab/react-native`)
  - React/RCTText (from `../../../react-native-lab/react-native`)
  - React/RCTVibration (from `../../../react-native-lab/react-native`)
  - React/RCTWebSocket (from `../../../react-native-lab/react-native`)
  - RNGestureHandler (from `../../../node_modules/react-native-gesture-handler`)
  - RNReanimated (from `../../../node_modules/react-native-reanimated`)
  - UMBarCodeScannerInterface (from `../../../packages/unimodules-barcode-scanner-interface/ios`)
  - UMCameraInterface (from `../../../packages/unimodules-camera-interface/ios`)
  - UMConstantsInterface (from `../../../packages/unimodules-constants-interface/ios`)
  - "UMCore (from `../../../packages/@unimodules/core/ios`)"
  - UMFaceDetectorInterface (from `../../../packages/unimodules-face-detector-interface/ios`)
  - UMFileSystemInterface (from `../../../packages/unimodules-file-system-interface/ios`)
  - UMFontInterface (from `../../../packages/unimodules-font-interface/ios`)
  - UMImageLoaderInterface (from `../../../packages/unimodules-image-loader-interface/ios`)
  - UMPermissionsInterface (from `../../../packages/unimodules-permissions-interface/ios`)
  - "UMReactNativeAdapter (from `../../../packages/@unimodules/react-native-adapter/ios`)"
  - UMSensorsInterface (from `../../../packages/unimodules-sensors-interface/ios`)
  - UMTaskManagerInterface (from `../../../packages/unimodules-task-manager-interface/ios`)
  - yoga (from `../../../react-native-lab/react-native/ReactCommon/yoga`)

SPEC REPOS:
  https://github.com/cocoapods/specs.git:
    - Amplitude-iOS
    - Analytics
    - AppAuth
    - Bolts
    - boost-for-react-native
    - FBAudienceNetwork
    - FBSDKCoreKit
    - FBSDKLoginKit
    - Google-Mobile-Ads-SDK
    - GoogleInterchangeUtilities
    - GoogleMobileVision
    - GoogleNetworkingUtilities
    - GoogleSignIn
    - GoogleSymbolUtilities
    - GoogleToolboxForMac
    - GoogleUtilities
    - GTMSessionFetcher

EXTERNAL SOURCES:
  DoubleConversion:
    :podspec: "../../../react-native-lab/react-native/third-party-podspecs/DoubleConversion.podspec"
  EXAdsAdMob:
    :path: !ruby/object:Pathname
    path: "../../../packages/expo-ads-admob/ios"
  EXAdsFacebook:
    :path: !ruby/object:Pathname
    path: "../../../packages/expo-ads-facebook/ios"
  EXAmplitude:
    :path: !ruby/object:Pathname
    path: "../../../packages/expo-analytics-amplitude/ios"
  EXAppAuth:
    :path: !ruby/object:Pathname
    path: "../../../packages/expo-app-auth/ios"
  EXAppLoaderProvider:
    :path: !ruby/object:Pathname
    path: "../../../packages/expo-app-loader-provider/ios"
  EXAV:
    :path: !ruby/object:Pathname
    path: "../../../packages/expo-av/ios"
  EXBackgroundFetch:
    :path: !ruby/object:Pathname
    path: "../../../packages/expo-background-fetch/ios"
  EXBarCodeScanner:
    :path: !ruby/object:Pathname
    path: "../../../packages/expo-barcode-scanner/ios"
  EXBlur:
    :path: !ruby/object:Pathname
    path: "../../../packages/expo-blur/ios"
  EXBrightness:
    :path: !ruby/object:Pathname
    path: "../../../packages/expo-brightness/ios"
  EXCalendar:
    :path: !ruby/object:Pathname
    path: "../../../packages/expo-calendar/ios"
  EXCamera:
    :path: !ruby/object:Pathname
    path: "../../../packages/expo-camera/ios"
  EXConstants:
    :path: !ruby/object:Pathname
    path: "../../../packages/expo-constants/ios"
  EXContacts:
    :path: !ruby/object:Pathname
    path: "../../../packages/expo-contacts/ios"
  EXCrypto:
    :path: !ruby/object:Pathname
    path: "../../../packages/expo-crypto/ios"
  EXDocumentPicker:
    :path: !ruby/object:Pathname
    path: "../../../packages/expo-document-picker/ios"
  EXFacebook:
    :path: !ruby/object:Pathname
    path: "../../../packages/expo-facebook/ios"
  EXFaceDetector:
    :path: !ruby/object:Pathname
    path: "../../../packages/expo-face-detector/ios"
  EXFileSystem:
    :path: !ruby/object:Pathname
    path: "../../../packages/expo-file-system/ios"
  EXFont:
    :path: !ruby/object:Pathname
    path: "../../../packages/expo-font/ios"
  EXGL:
    :path: !ruby/object:Pathname
    path: "../../../packages/expo-gl/ios"
  EXGL-CPP:
    :path: !ruby/object:Pathname
    path: "../../../packages/expo-gl-cpp/cpp"
  EXGoogleSignIn:
    :path: !ruby/object:Pathname
    path: "../../../packages/expo-google-sign-in/ios"
  EXHaptics:
    :path: !ruby/object:Pathname
    path: "../../../packages/expo-haptics/ios"
  EXImageManipulator:
    :path: !ruby/object:Pathname
    path: "../../../packages/expo-image-manipulator/ios"
  EXImagePicker:
    :path: !ruby/object:Pathname
    path: "../../../packages/expo-image-picker/ios"
  EXKeepAwake:
    :path: !ruby/object:Pathname
    path: "../../../packages/expo-keep-awake/ios"
  EXLinearGradient:
    :path: !ruby/object:Pathname
    path: "../../../packages/expo-linear-gradient/ios"
  EXLocalAuthentication:
    :path: !ruby/object:Pathname
    path: "../../../packages/expo-local-authentication/ios"
  EXLocalization:
    :path: !ruby/object:Pathname
    path: "../../../packages/expo-localization/ios"
  EXLocation:
    :path: !ruby/object:Pathname
    path: "../../../packages/expo-location/ios"
  EXMailComposer:
    :path: !ruby/object:Pathname
    path: "../../../packages/expo-mail-composer/ios"
  EXMediaLibrary:
    :path: !ruby/object:Pathname
    path: "../../../packages/expo-media-library/ios"
  EXPermissions:
    :path: !ruby/object:Pathname
    path: "../../../packages/expo-permissions/ios"
  EXPrint:
    :path: !ruby/object:Pathname
    path: "../../../packages/expo-print/ios"
  EXRandom:
    :path: !ruby/object:Pathname
    path: "../../../packages/expo-random/ios"
  EXSecureStore:
    :path: !ruby/object:Pathname
    path: "../../../packages/expo-secure-store/ios"
  EXSegment:
    :path: !ruby/object:Pathname
    path: "../../../packages/expo-analytics-segment/ios"
  EXSensors:
    :path: !ruby/object:Pathname
    path: "../../../packages/expo-sensors/ios"
  EXSharing:
    :path: !ruby/object:Pathname
    path: "../../../packages/expo-sharing/ios"
  EXSMS:
    :path: !ruby/object:Pathname
    path: "../../../packages/expo-sms/ios"
  EXSpeech:
    :path: !ruby/object:Pathname
    path: "../../../packages/expo-speech/ios"
  EXSQLite:
    :path: !ruby/object:Pathname
    path: "../../../packages/expo-sqlite/ios"
  EXTaskManager:
    :path: !ruby/object:Pathname
    path: "../../../packages/expo-task-manager/ios"
  EXVideoThumbnails:
    :path: !ruby/object:Pathname
    path: "../../../packages/expo-video-thumbnails/ios"
  EXWebBrowser:
    :path: !ruby/object:Pathname
    path: "../../../packages/expo-web-browser/ios"
  Folly:
    :podspec: "../../../react-native-lab/react-native/third-party-podspecs/Folly.podspec"
  glog:
    :podspec: "../../../react-native-lab/react-native/third-party-podspecs/glog.podspec"
  React:
    :path: "../../../react-native-lab/react-native"
  react-native-netinfo:
    :path: "../../../node_modules/@react-native-community/netinfo"
  RNGestureHandler:
    :path: "../../../node_modules/react-native-gesture-handler"
  RNReanimated:
    :path: "../../../node_modules/react-native-reanimated"
  UMBarCodeScannerInterface:
    :path: !ruby/object:Pathname
    path: "../../../packages/unimodules-barcode-scanner-interface/ios"
  UMCameraInterface:
    :path: !ruby/object:Pathname
    path: "../../../packages/unimodules-camera-interface/ios"
  UMConstantsInterface:
    :path: !ruby/object:Pathname
    path: "../../../packages/unimodules-constants-interface/ios"
  UMCore:
    :path: !ruby/object:Pathname
    path: "../../../packages/@unimodules/core/ios"
  UMFaceDetectorInterface:
    :path: !ruby/object:Pathname
    path: "../../../packages/unimodules-face-detector-interface/ios"
  UMFileSystemInterface:
    :path: !ruby/object:Pathname
    path: "../../../packages/unimodules-file-system-interface/ios"
  UMFontInterface:
    :path: !ruby/object:Pathname
    path: "../../../packages/unimodules-font-interface/ios"
  UMImageLoaderInterface:
    :path: !ruby/object:Pathname
    path: "../../../packages/unimodules-image-loader-interface/ios"
  UMPermissionsInterface:
    :path: !ruby/object:Pathname
    path: "../../../packages/unimodules-permissions-interface/ios"
  UMReactNativeAdapter:
    :path: !ruby/object:Pathname
    path: "../../../packages/@unimodules/react-native-adapter/ios"
  UMSensorsInterface:
    :path: !ruby/object:Pathname
    path: "../../../packages/unimodules-sensors-interface/ios"
  UMTaskManagerInterface:
    :path: !ruby/object:Pathname
    path: "../../../packages/unimodules-task-manager-interface/ios"
  yoga:
    :path: "../../../react-native-lab/react-native/ReactCommon/yoga"

SPEC CHECKSUMS:
  Amplitude-iOS: ac1715ae68104b7a51723209ad574f60ab22ae5f
  Analytics: 63744ad4afa65c3bcdcdb7a94b62515bde5b3900
  AppAuth: cd34aac431e5c77c46ec7f03935377faa8c5808b
  Bolts: ac6567323eac61e203f6a9763667d0f711be34c8
  boost-for-react-native: 39c7adb57c4e60d6c5479dd8623128eb5b3f0f2c
  DoubleConversion: bb338842f62ab1d708ceb63ec3d999f0f3d98ecd
  EXAdsAdMob: ccf795765d0454c8596bd711920cac83b811d3b0
  EXAdsFacebook: 317d7379f8bbe6056d8422e67c8c8cdf840373b2
  EXAmplitude: c7b5402bfe46f6195270473b3d995e17f621a400
  EXAppAuth: 61fd54b7dd89cd56fb196c37e34f6b652f169e07
  EXAppLoaderProvider: 2638ca3d779c8baae37e63352c785e5e2dad70d5
  EXAV: 619ea1c25404bdbf66ae243d2b77aa4f90ad5cc9
  EXBackgroundFetch: 41b9c046a5dd6ce5e6a6c6e1ed97a2b3e5ff4a1e
  EXBarCodeScanner: e24dcd3e0279da0ee25a519eb26aa22a828602b7
  EXBlur: 04698084cb51c57ec8f0e07f5522a4e2efe2a587
  EXBrightness: 1bd1960d1d9752af53b9c55b813d3720b12f6cce
  EXCalendar: 47b4c8e7f003deff888696f25f52a845f3101c89
  EXCamera: 88f1b7d4ddb779cb0f481ae67aca3e347bfb1cd6
  EXConstants: 6ad60de0802ba69068b6d7b63e4e82c06d6807a4
  EXContacts: 523074cc90a2c595f8aed6b89820c1376bef1176
  EXCrypto: 8a6a2143edba5c25687928b0ea4c20257bf292c4
  EXDocumentPicker: c471a1738be543bcb56e106fbb2969fdf1bce36c
  EXFacebook: 54345b7a2ac76dd1e764d40b007361c4e83af427
  EXFaceDetector: 24c4b79c6796515cccb0cdf320d5e00ec9d17a99
  EXFileSystem: 22a53ba7e31987166aca49778e53cce8181b1ad8
  EXFont: f01cffd265689fe1a353914a5d377f2d7e3804b3
  EXGL: f04f144b09c504a6989376ec53379a9766022e34
  EXGL-CPP: 46b589a3ed0c59ae2e7f9434897b66cd8dd2e70c
  EXGoogleSignIn: 5bc23e01a9ae53b2ad8570a800b43c95066d801d
  EXHaptics: 88c035752587548b22efe7f2569a7f6d8a8b4af3
  EXImageManipulator: 9dfbfb167347463a6e444ab04dc73e77a835fd5f
  EXImagePicker: c1e82c03343a78de696daa6e314b0542746b6270
  EXKeepAwake: 0c9a81da6886449bed0ce37403330c58a7fd8f5d
  EXLinearGradient: 225b6c9888c1837bde7eaee64496cafda45d6ccc
  EXLocalAuthentication: 64ea3d43b259dfa781a40045fdf88624238a7191
  EXLocalization: 348a20e02a5cf8d44e8c04f611f339df37a7359e
  EXLocation: 429443e5368923b236cd726d1c40ee8d291eedbc
  EXMailComposer: 6fa88c09aae306fa05e4030482681563b2308446
  EXMediaLibrary: 29198a80b055bd1b69e738a44e566abb204f4a90
  EXPermissions: 332e6241b48d34a8363a78d87d90a20436a9eff9
  EXPrint: 31f99a71a37e4543d401699a12443ffc061ab5bc
  EXRandom: ef63cbfe063ed76e9ffed8ea9e762369a7185bf4
  EXSecureStore: 3bea93c3872a57eb319f02c25cd5d064e96d5ea3
  EXSegment: 59f8dbfb3d351c0b0a142cc5dbacde461fde5b77
  EXSensors: 70818ebc1f2a0014d95556de323e2945c4374ad9
  EXSharing: 3d00ce069b19b698ef219e39e4ded811add87754
  EXSMS: be674990e4f4649babcbb5092e9fe63fda31dd75
  EXSpeech: 393adb0f37972bb8095a99da0e4a455c73366e13
  EXSQLite: 6de0e07822d8c3ee03e89491f7de2f12b2208f8a
  EXTaskManager: 24c66563e0a7a9a1a686dfe960bd131c94339071
  EXVideoThumbnails: 849e77e53c3c03eaf05b46cc80aa343067bc7508
  EXWebBrowser: 80d1c7fc02cc459528b9e04863c8837f242bc3b4
  FBAudienceNetwork: 3bb585c4d0c0459d4945db3c7898d93bd076e154
  FBSDKCoreKit: a823ae35bdb60ebb8d7a7e51abe7c5d87d2bfced
  FBSDKLoginKit: 54ae59987f2a8703021557c90a9aebb9e5c2bef6
  Folly: de497beb10f102453a1afa9edbf8cf8a251890de
  glog: aefd1eb5dda2ab95ba0938556f34b98e2da3a60d
  Google-Mobile-Ads-SDK: 101ce89b94fdf60ec64ba7b6e9b9d812dc765936
  GoogleInterchangeUtilities: d5bc4d88d5b661ab72f9d70c58d02ca8c27ad1f7
  GoogleMobileVision: d344d69c8987ee239c8a47257e2039084682d181
  GoogleNetworkingUtilities: 3edd3a8161347494f2da60ea0deddc8a472d94cb
  GoogleSignIn: 7ff245e1a7b26d379099d3243a562f5747e23d39
  GoogleSymbolUtilities: 631ee17048aa5e9ab133470d768ea997a5ef9b96
  GoogleToolboxForMac: ff31605b7d66400dcec09bed5861689aebadda4d
  GoogleUtilities: 8bbc733218aad26306f9d4a253823986110e3358
  GTMSessionFetcher: 32aeca0aa144acea523e1c8e053089dec2cb98ca
  React: 1d605e098d69bdf08960787f3446f0a9dc2e2ccf
  react-native-netinfo: f4039dc64d3a55da59d6d03d4bd667d0a9f5450e
  RNGestureHandler: 7ccf2f3f60458e084f9ada01fbaf610f6fef073c
  RNReanimated: 45d9313b7a62318ed00d60a811937321e43e076e
  UMBarCodeScannerInterface: f623227f2f6e8fa5c45fef1cc2b5ae200dd14918
  UMCameraInterface: 2a22ae5a2d4f710d617e3fd2c5c0511019aea1c7
  UMConstantsInterface: 9884d2a4a4563b20d7efbafba421151698dd8991
  UMCore: c057256783718d88e019597f70b14c7312b14d91
  UMFaceDetectorInterface: 402f381792274f3cfe39f0b5969f192733c666dc
  UMFileSystemInterface: afd29c624dfb8d466e6df7cf7de80a3bdd9d5d8a
  UMFontInterface: cb06a806e1f43acfee615bca477aac86d467aa4b
  UMImageLoaderInterface: ce7c8dd0b4f11fc9a8571d4e8608fc0bae7b89a6
  UMPermissionsInterface: 2a4e59492eb0a32410af28dff8d498ea4030deaf
  UMReactNativeAdapter: b5ea1cc455cdb00114f6922d17bb64ca770a421f
  UMSensorsInterface: 4b16dad6584fc08d11b10a3a45490034cd5ff37f
  UMTaskManagerInterface: c594f1584e28026f98cca344d10183f635896094
  yoga: 128daf064cacaede0c3bb27424b6b4c71052e6cd

PODFILE CHECKSUM: f1c2a0d3538ad53f3dc63f649aecb70b32b5323b

COCOAPODS: 1.5.3
