PODS:
  - ASN1Decoder (1.8.0)
  - boost (1.76.0)
  - DoubleConversion (1.1.6)
  - EASClient (0.5.1):
    - ExpoModulesCore
  - EASClient/Tests (0.5.1):
    - ExpoModulesCore
    - ExpoModulesTestCore
  - EXFileSystem (15.2.2):
    - ExpoModulesCore
  - EXFileSystem/Tests (15.2.2):
    - ExpoModulesCore
    - ExpoModulesTestCore
  - EXJSONUtils (0.5.1)
  - EXJSONUtils/Tests (0.5.1)
  - EXManifests (0.5.1):
    - ExpoModulesCore
  - EXManifests/Tests (0.5.1):
    - ExpoModulesCore
    - ExpoModulesTestCore
  - Expo (48.0.1):
    - ExpoModulesCore
  - expo-dev-launcher (2.1.4):
    - EXManifests
    - expo-dev-launcher/Main (= 2.1.4)
    - expo-dev-menu
    - expo-dev-menu-interface
    - ExpoModulesCore
    - EXUpdatesInterface
    - React-Core
  - expo-dev-launcher/Main (2.1.4):
    - EXManifests
    - expo-dev-launcher/Unsafe
    - expo-dev-menu
    - expo-dev-menu-interface
    - ExpoModulesCore
    - EXUpdatesInterface
    - React-Core
  - expo-dev-launcher/Tests (2.1.4):
    - EXManifests
    - expo-dev-menu
    - expo-dev-menu-interface
    - ExpoModulesCore
    - ExpoModulesTestCore
    - EXUpdatesInterface
    - Nimble
    - OHHTTPStubs
    - Quick
    - React-Core
    - React-CoreModules
  - expo-dev-launcher/Unsafe (2.1.4):
    - EXManifests
    - expo-dev-menu
    - expo-dev-menu-interface
    - ExpoModulesCore
    - EXUpdatesInterface
    - React-Core
  - expo-dev-menu (2.1.3):
    - expo-dev-menu/Main (= 2.1.3)
  - expo-dev-menu-interface (1.1.1)
  - expo-dev-menu-interface/Tests (1.1.1):
    - Nimble
    - Quick
  - expo-dev-menu/Main (2.1.3):
    - EXManifests
    - expo-dev-menu-interface
    - expo-dev-menu/Vendored
    - ExpoModulesCore
    - React-Core
  - expo-dev-menu/SafeAreaView (2.1.3)
  - expo-dev-menu/Tests (2.1.3):
    - ExpoModulesTestCore
    - Nimble
    - Quick
    - React-CoreModules
  - expo-dev-menu/UITests (2.1.3):
    - React
    - React-CoreModules
  - expo-dev-menu/Vendored (2.1.3):
    - expo-dev-menu/SafeAreaView
  - ExpoClipboard (4.1.1):
    - ExpoModulesCore
  - ExpoClipboard/Tests (4.1.1):
    - ExpoModulesCore
    - ExpoModulesTestCore
  - ExpoModulesCore (1.2.2):
    - React-Core
    - React-RCTAppDelegate
    - ReactCommon/turbomodule/core
  - ExpoModulesCore/Tests (1.2.2):
    - ExpoModulesTestCore
    - React-Core
    - React-RCTAppDelegate
    - ReactCommon/turbomodule/core
  - ExpoModulesTestCore (0.11.1):
    - ExpoModulesCore
    - Nimble (~> 9.2.0)
    - Quick (~> 5.0.0)
    - React-jsc
  - EXStructuredHeaders (3.1.1)
  - EXStructuredHeaders/Tests (3.1.1)
  - EXUpdates (0.16.1):
    - ASN1Decoder (~> 1.8)
    - EASClient
    - EXManifests
    - ExpoModulesCore
    - EXStructuredHeaders
    - EXUpdatesInterface
    - ReachabilitySwift
    - React-Core
  - EXUpdates/Tests (0.16.1):
    - ASN1Decoder (~> 1.8)
    - EASClient
    - EXManifests
    - ExpoModulesCore
    - ExpoModulesTestCore
    - EXStructuredHeaders
    - EXUpdatesInterface
    - ReachabilitySwift
    - React-Core
  - EXUpdatesInterface (0.9.1)
  - FBLazyVector (0.71.4)
  - FBReactNativeSpec (0.71.4):
    - RCT-Folly (= 2021.07.22.00)
    - RCTRequired (= 0.71.4)
    - RCTTypeSafety (= 0.71.4)
    - React-Core (= 0.71.4)
    - React-jsi (= 0.71.4)
    - ReactCommon/turbomodule/core (= 0.71.4)
  - fmt (6.2.1)
  - glog (0.3.5)
  - Nimble (9.2.1)
  - OHHTTPStubs (9.1.0):
    - OHHTTPStubs/Default (= 9.1.0)
  - OHHTTPStubs/Core (9.1.0)
  - OHHTTPStubs/Default (9.1.0):
    - OHHTTPStubs/Core
    - OHHTTPStubs/JSON
    - OHHTTPStubs/NSURLSession
    - OHHTTPStubs/OHPathHelpers
  - OHHTTPStubs/JSON (9.1.0):
    - OHHTTPStubs/Core
  - OHHTTPStubs/NSURLSession (9.1.0):
    - OHHTTPStubs/Core
  - OHHTTPStubs/OHPathHelpers (9.1.0)
  - Quick (5.0.0)
  - RCT-Folly (2021.07.22.00):
    - boost
    - DoubleConversion
    - fmt (~> 6.2.1)
    - glog
    - RCT-Folly/Default (= 2021.07.22.00)
  - RCT-Folly/Default (2021.07.22.00):
    - boost
    - DoubleConversion
    - fmt (~> 6.2.1)
    - glog
  - RCTRequired (0.71.4)
  - RCTTypeSafety (0.71.4):
    - FBLazyVector (= 0.71.4)
    - RCTRequired (= 0.71.4)
    - React-Core (= 0.71.4)
  - ReachabilitySwift (5.0.0)
  - React (0.71.4):
    - React-Core (= 0.71.4)
    - React-Core/DevSupport (= 0.71.4)
    - React-Core/RCTWebSocket (= 0.71.4)
    - React-RCTActionSheet (= 0.71.4)
    - React-RCTAnimation (= 0.71.4)
    - React-RCTBlob (= 0.71.4)
    - React-RCTImage (= 0.71.4)
    - React-RCTLinking (= 0.71.4)
    - React-RCTNetwork (= 0.71.4)
    - React-RCTSettings (= 0.71.4)
    - React-RCTText (= 0.71.4)
    - React-RCTVibration (= 0.71.4)
  - React-callinvoker (0.71.4)
  - React-Codegen (0.71.4):
    - FBReactNativeSpec
    - RCT-Folly
    - RCTRequired
    - RCTTypeSafety
    - React-Core
    - React-jsc
    - React-jsi
    - React-jsiexecutor
    - ReactCommon/turbomodule/bridging
    - ReactCommon/turbomodule/core
  - React-Core (0.71.4):
    - glog
    - RCT-Folly (= 2021.07.22.00)
    - React-Core/Default (= 0.71.4)
    - React-cxxreact (= 0.71.4)
    - React-jsc
    - React-jsi (= 0.71.4)
    - React-jsiexecutor (= 0.71.4)
    - React-perflogger (= 0.71.4)
    - Yoga
  - React-Core/CoreModulesHeaders (0.71.4):
    - glog
    - RCT-Folly (= 2021.07.22.00)
    - React-Core/Default
    - React-cxxreact (= 0.71.4)
    - React-jsc
    - React-jsi (= 0.71.4)
    - React-jsiexecutor (= 0.71.4)
    - React-perflogger (= 0.71.4)
    - Yoga
  - React-Core/Default (0.71.4):
    - glog
    - RCT-Folly (= 2021.07.22.00)
    - React-cxxreact (= 0.71.4)
    - React-jsc
    - React-jsi (= 0.71.4)
    - React-jsiexecutor (= 0.71.4)
    - React-perflogger (= 0.71.4)
    - Yoga
  - React-Core/DevSupport (0.71.4):
    - glog
    - RCT-Folly (= 2021.07.22.00)
    - React-Core/Default (= 0.71.4)
    - React-Core/RCTWebSocket (= 0.71.4)
    - React-cxxreact (= 0.71.4)
    - React-jsc
    - React-jsi (= 0.71.4)
    - React-jsiexecutor (= 0.71.4)
    - React-jsinspector (= 0.71.4)
    - React-perflogger (= 0.71.4)
    - Yoga
  - React-Core/RCTActionSheetHeaders (0.71.4):
    - glog
    - RCT-Folly (= 2021.07.22.00)
    - React-Core/Default
    - React-cxxreact (= 0.71.4)
    - React-jsc
    - React-jsi (= 0.71.4)
    - React-jsiexecutor (= 0.71.4)
    - React-perflogger (= 0.71.4)
    - Yoga
  - React-Core/RCTAnimationHeaders (0.71.4):
    - glog
    - RCT-Folly (= 2021.07.22.00)
    - React-Core/Default
    - React-cxxreact (= 0.71.4)
    - React-jsc
    - React-jsi (= 0.71.4)
    - React-jsiexecutor (= 0.71.4)
    - React-perflogger (= 0.71.4)
    - Yoga
  - React-Core/RCTBlobHeaders (0.71.4):
    - glog
    - RCT-Folly (= 2021.07.22.00)
    - React-Core/Default
    - React-cxxreact (= 0.71.4)
    - React-jsc
    - React-jsi (= 0.71.4)
    - React-jsiexecutor (= 0.71.4)
    - React-perflogger (= 0.71.4)
    - Yoga
  - React-Core/RCTImageHeaders (0.71.4):
    - glog
    - RCT-Folly (= 2021.07.22.00)
    - React-Core/Default
    - React-cxxreact (= 0.71.4)
    - React-jsc
    - React-jsi (= 0.71.4)
    - React-jsiexecutor (= 0.71.4)
    - React-perflogger (= 0.71.4)
    - Yoga
  - React-Core/RCTLinkingHeaders (0.71.4):
    - glog
    - RCT-Folly (= 2021.07.22.00)
    - React-Core/Default
    - React-cxxreact (= 0.71.4)
    - React-jsc
    - React-jsi (= 0.71.4)
    - React-jsiexecutor (= 0.71.4)
    - React-perflogger (= 0.71.4)
    - Yoga
  - React-Core/RCTNetworkHeaders (0.71.4):
    - glog
    - RCT-Folly (= 2021.07.22.00)
    - React-Core/Default
    - React-cxxreact (= 0.71.4)
    - React-jsc
    - React-jsi (= 0.71.4)
    - React-jsiexecutor (= 0.71.4)
    - React-perflogger (= 0.71.4)
    - Yoga
  - React-Core/RCTSettingsHeaders (0.71.4):
    - glog
    - RCT-Folly (= 2021.07.22.00)
    - React-Core/Default
    - React-cxxreact (= 0.71.4)
    - React-jsc
    - React-jsi (= 0.71.4)
    - React-jsiexecutor (= 0.71.4)
    - React-perflogger (= 0.71.4)
    - Yoga
  - React-Core/RCTTextHeaders (0.71.4):
    - glog
    - RCT-Folly (= 2021.07.22.00)
    - React-Core/Default
    - React-cxxreact (= 0.71.4)
    - React-jsc
    - React-jsi (= 0.71.4)
    - React-jsiexecutor (= 0.71.4)
    - React-perflogger (= 0.71.4)
    - Yoga
  - React-Core/RCTVibrationHeaders (0.71.4):
    - glog
    - RCT-Folly (= 2021.07.22.00)
    - React-Core/Default
    - React-cxxreact (= 0.71.4)
    - React-jsc
    - React-jsi (= 0.71.4)
    - React-jsiexecutor (= 0.71.4)
    - React-perflogger (= 0.71.4)
    - Yoga
  - React-Core/RCTWebSocket (0.71.4):
    - glog
    - RCT-Folly (= 2021.07.22.00)
    - React-Core/Default (= 0.71.4)
    - React-cxxreact (= 0.71.4)
    - React-jsc
    - React-jsi (= 0.71.4)
    - React-jsiexecutor (= 0.71.4)
    - React-perflogger (= 0.71.4)
    - Yoga
  - React-CoreModules (0.71.4):
    - RCT-Folly (= 2021.07.22.00)
    - RCTTypeSafety (= 0.71.4)
    - React-Codegen (= 0.71.4)
    - React-Core/CoreModulesHeaders (= 0.71.4)
    - React-jsi (= 0.71.4)
    - React-RCTBlob
    - React-RCTImage (= 0.71.4)
    - ReactCommon/turbomodule/core (= 0.71.4)
  - React-cxxreact (0.71.4):
    - boost (= 1.76.0)
    - DoubleConversion
    - glog
    - RCT-Folly (= 2021.07.22.00)
    - React-callinvoker (= 0.71.4)
    - React-jsi (= 0.71.4)
    - React-jsinspector (= 0.71.4)
    - React-logger (= 0.71.4)
    - React-perflogger (= 0.71.4)
    - React-runtimeexecutor (= 0.71.4)
  - React-jsc (0.71.4):
    - React-jsc/Fabric (= 0.71.4)
    - React-jsi (= 0.71.4)
  - React-jsc/Fabric (0.71.4):
    - React-jsi (= 0.71.4)
  - React-jsi (0.71.4):
    - boost (= 1.76.0)
    - DoubleConversion
    - glog
    - RCT-Folly (= 2021.07.22.00)
  - React-jsiexecutor (0.71.4):
    - DoubleConversion
    - glog
    - RCT-Folly (= 2021.07.22.00)
    - React-cxxreact (= 0.71.4)
    - React-jsi (= 0.71.4)
    - React-perflogger (= 0.71.4)
  - React-jsinspector (0.71.4)
  - React-logger (0.71.4):
    - glog
  - React-perflogger (0.71.4)
  - React-RCTActionSheet (0.71.4):
    - React-Core/RCTActionSheetHeaders (= 0.71.4)
  - React-RCTAnimation (0.71.4):
    - RCT-Folly (= 2021.07.22.00)
    - RCTTypeSafety (= 0.71.4)
    - React-Codegen (= 0.71.4)
    - React-Core/RCTAnimationHeaders (= 0.71.4)
    - React-jsi (= 0.71.4)
    - ReactCommon/turbomodule/core (= 0.71.4)
  - React-RCTAppDelegate (0.71.4):
    - RCT-Folly
    - RCTRequired
    - RCTTypeSafety
    - React-Core
    - ReactCommon/turbomodule/core
  - React-RCTBlob (0.71.4):
    - RCT-Folly (= 2021.07.22.00)
    - React-Codegen (= 0.71.4)
    - React-Core/RCTBlobHeaders (= 0.71.4)
    - React-Core/RCTWebSocket (= 0.71.4)
    - React-jsi (= 0.71.4)
    - React-RCTNetwork (= 0.71.4)
    - ReactCommon/turbomodule/core (= 0.71.4)
  - React-RCTImage (0.71.4):
    - RCT-Folly (= 2021.07.22.00)
    - RCTTypeSafety (= 0.71.4)
    - React-Codegen (= 0.71.4)
    - React-Core/RCTImageHeaders (= 0.71.4)
    - React-jsi (= 0.71.4)
    - React-RCTNetwork (= 0.71.4)
    - ReactCommon/turbomodule/core (= 0.71.4)
  - React-RCTLinking (0.71.4):
    - React-Codegen (= 0.71.4)
    - React-Core/RCTLinkingHeaders (= 0.71.4)
    - React-jsi (= 0.71.4)
    - ReactCommon/turbomodule/core (= 0.71.4)
  - React-RCTNetwork (0.71.4):
    - RCT-Folly (= 2021.07.22.00)
    - RCTTypeSafety (= 0.71.4)
    - React-Codegen (= 0.71.4)
    - React-Core/RCTNetworkHeaders (= 0.71.4)
    - React-jsi (= 0.71.4)
    - ReactCommon/turbomodule/core (= 0.71.4)
  - React-RCTSettings (0.71.4):
    - RCT-Folly (= 2021.07.22.00)
    - RCTTypeSafety (= 0.71.4)
    - React-Codegen (= 0.71.4)
    - React-Core/RCTSettingsHeaders (= 0.71.4)
    - React-jsi (= 0.71.4)
    - ReactCommon/turbomodule/core (= 0.71.4)
  - React-RCTText (0.71.4):
    - React-Core/RCTTextHeaders (= 0.71.4)
  - React-RCTVibration (0.71.4):
    - RCT-Folly (= 2021.07.22.00)
    - React-Codegen (= 0.71.4)
    - React-Core/RCTVibrationHeaders (= 0.71.4)
    - React-jsi (= 0.71.4)
    - ReactCommon/turbomodule/core (= 0.71.4)
  - React-runtimeexecutor (0.71.4):
    - React-jsi (= 0.71.4)
  - ReactCommon/turbomodule/bridging (0.71.4):
    - DoubleConversion
    - glog
    - RCT-Folly (= 2021.07.22.00)
    - React-callinvoker (= 0.71.4)
    - React-Core (= 0.71.4)
    - React-cxxreact (= 0.71.4)
    - React-jsi (= 0.71.4)
    - React-logger (= 0.71.4)
    - React-perflogger (= 0.71.4)
  - ReactCommon/turbomodule/core (0.71.4):
    - DoubleConversion
    - glog
    - RCT-Folly (= 2021.07.22.00)
    - React-callinvoker (= 0.71.4)
    - React-Core (= 0.71.4)
    - React-cxxreact (= 0.71.4)
    - React-jsi (= 0.71.4)
    - React-logger (= 0.71.4)
    - React-perflogger (= 0.71.4)
  - Yoga (1.14.0)

DEPENDENCIES:
  - boost (from `../node_modules/react-native/third-party-podspecs/boost.podspec`)
  - DoubleConversion (from `../node_modules/react-native/third-party-podspecs/DoubleConversion.podspec`)
  - EASClient (from `../../../packages/expo-eas-client/ios`)
  - EASClient/Tests (from `../../../packages/expo-eas-client/ios`)
  - EXFileSystem (from `../../../packages/expo-file-system/ios`)
  - EXFileSystem/Tests (from `../../../packages/expo-file-system/ios`)
  - EXJSONUtils (from `../../../packages/expo-json-utils/ios`)
  - EXJSONUtils/Tests (from `../../../packages/expo-json-utils/ios`)
  - EXManifests (from `../../../packages/expo-manifests/ios`)
  - EXManifests/Tests (from `../../../packages/expo-manifests/ios`)
  - Expo (from `../node_modules/expo`)
  - expo-dev-launcher (from `../../../packages/expo-dev-launcher`)
  - expo-dev-launcher/Tests (from `../../../packages/expo-dev-launcher`)
  - expo-dev-menu (from `../../../packages/expo-dev-menu`)
  - expo-dev-menu-interface (from `../../../packages/expo-dev-menu-interface/ios`)
  - expo-dev-menu-interface/Tests (from `../../../packages/expo-dev-menu-interface/ios`)
  - expo-dev-menu/Tests (from `../../../packages/expo-dev-menu`)
  - expo-dev-menu/UITests (from `../../../packages/expo-dev-menu`)
  - ExpoClipboard (from `../../../packages/expo-clipboard/ios`)
  - ExpoClipboard/Tests (from `../../../packages/expo-clipboard/ios`)
  - ExpoModulesCore (from `../../../packages/expo-modules-core`)
  - ExpoModulesCore/Tests (from `../../../packages/expo-modules-core`)
  - ExpoModulesTestCore (from `../../../packages/expo-modules-test-core/ios`)
  - EXStructuredHeaders (from `../../../packages/expo-structured-headers/ios`)
  - EXStructuredHeaders/Tests (from `../../../packages/expo-structured-headers/ios`)
  - EXUpdates (from `../../../packages/expo-updates/ios`)
  - EXUpdates/Tests (from `../../../packages/expo-updates/ios`)
  - EXUpdatesInterface (from `../../../packages/expo-updates-interface/ios`)
  - FBLazyVector (from `../node_modules/react-native/Libraries/FBLazyVector`)
  - FBReactNativeSpec (from `../node_modules/react-native/React/FBReactNativeSpec`)
  - glog (from `../node_modules/react-native/third-party-podspecs/glog.podspec`)
  - Nimble (from `./../../../ios/Nimble.podspec`)
  - RCT-Folly (from `../node_modules/react-native/third-party-podspecs/RCT-Folly.podspec`)
  - RCTRequired (from `../node_modules/react-native/Libraries/RCTRequired`)
  - RCTTypeSafety (from `../node_modules/react-native/Libraries/TypeSafety`)
  - React (from `../node_modules/react-native/`)
  - React-callinvoker (from `../node_modules/react-native/ReactCommon/callinvoker`)
  - React-Codegen (from `build/generated/ios`)
  - React-Core (from `../node_modules/react-native/`)
  - React-Core/RCTWebSocket (from `../node_modules/react-native/`)
  - React-CoreModules (from `../node_modules/react-native/React/CoreModules`)
  - React-cxxreact (from `../node_modules/react-native/ReactCommon/cxxreact`)
  - React-jsc (from `../node_modules/react-native/ReactCommon/jsc`)
  - React-jsi (from `../node_modules/react-native/ReactCommon/jsi`)
  - React-jsiexecutor (from `../node_modules/react-native/ReactCommon/jsiexecutor`)
  - React-jsinspector (from `../node_modules/react-native/ReactCommon/jsinspector`)
  - React-logger (from `../node_modules/react-native/ReactCommon/logger`)
  - React-perflogger (from `../node_modules/react-native/ReactCommon/reactperflogger`)
  - React-RCTActionSheet (from `../node_modules/react-native/Libraries/ActionSheetIOS`)
  - React-RCTAnimation (from `../node_modules/react-native/Libraries/NativeAnimation`)
  - React-RCTAppDelegate (from `../node_modules/react-native/Libraries/AppDelegate`)
  - React-RCTBlob (from `../node_modules/react-native/Libraries/Blob`)
  - React-RCTImage (from `../node_modules/react-native/Libraries/Image`)
  - React-RCTLinking (from `../node_modules/react-native/Libraries/LinkingIOS`)
  - React-RCTNetwork (from `../node_modules/react-native/Libraries/Network`)
  - React-RCTSettings (from `../node_modules/react-native/Libraries/Settings`)
  - React-RCTText (from `../node_modules/react-native/Libraries/Text`)
  - React-RCTVibration (from `../node_modules/react-native/Libraries/Vibration`)
  - React-runtimeexecutor (from `../node_modules/react-native/ReactCommon/runtimeexecutor`)
  - ReactCommon/turbomodule/core (from `../node_modules/react-native/ReactCommon`)
  - Yoga (from `../node_modules/react-native/ReactCommon/yoga`)

SPEC REPOS:
  trunk:
    - ASN1Decoder
    - fmt
    - OHHTTPStubs
    - Quick
    - ReachabilitySwift

EXTERNAL SOURCES:
  boost:
    :podspec: "../node_modules/react-native/third-party-podspecs/boost.podspec"
  DoubleConversion:
    :podspec: "../node_modules/react-native/third-party-podspecs/DoubleConversion.podspec"
  EASClient:
    inhibit_warnings: false
    :path: "../../../packages/expo-eas-client/ios"
  EXFileSystem:
    inhibit_warnings: false
    :path: "../../../packages/expo-file-system/ios"
  EXJSONUtils:
    inhibit_warnings: false
    :path: "../../../packages/expo-json-utils/ios"
  EXManifests:
    inhibit_warnings: false
    :path: "../../../packages/expo-manifests/ios"
  Expo:
    :path: "../node_modules/expo"
  expo-dev-launcher:
    inhibit_warnings: false
    :path: "../../../packages/expo-dev-launcher"
  expo-dev-menu:
    :path: "../../../packages/expo-dev-menu"
  expo-dev-menu-interface:
    inhibit_warnings: false
    :path: "../../../packages/expo-dev-menu-interface/ios"
  ExpoClipboard:
    inhibit_warnings: false
    :path: "../../../packages/expo-clipboard/ios"
  ExpoModulesCore:
    inhibit_warnings: false
    :path: "../../../packages/expo-modules-core"
  ExpoModulesTestCore:
    :path: "../../../packages/expo-modules-test-core/ios"
  EXStructuredHeaders:
    inhibit_warnings: false
    :path: "../../../packages/expo-structured-headers/ios"
  EXUpdates:
    inhibit_warnings: false
    :path: "../../../packages/expo-updates/ios"
  EXUpdatesInterface:
    inhibit_warnings: false
    :path: "../../../packages/expo-updates-interface/ios"
  FBLazyVector:
    :path: "../node_modules/react-native/Libraries/FBLazyVector"
  FBReactNativeSpec:
    :path: "../node_modules/react-native/React/FBReactNativeSpec"
  glog:
    :podspec: "../node_modules/react-native/third-party-podspecs/glog.podspec"
  Nimble:
    :podspec: "./../../../ios/Nimble.podspec"
  RCT-Folly:
    :podspec: "../node_modules/react-native/third-party-podspecs/RCT-Folly.podspec"
  RCTRequired:
    :path: "../node_modules/react-native/Libraries/RCTRequired"
  RCTTypeSafety:
    :path: "../node_modules/react-native/Libraries/TypeSafety"
  React:
    :path: "../node_modules/react-native/"
  React-callinvoker:
    :path: "../node_modules/react-native/ReactCommon/callinvoker"
  React-Codegen:
    :path: build/generated/ios
  React-Core:
    :path: "../node_modules/react-native/"
  React-CoreModules:
    :path: "../node_modules/react-native/React/CoreModules"
  React-cxxreact:
    :path: "../node_modules/react-native/ReactCommon/cxxreact"
  React-jsc:
    :path: "../node_modules/react-native/ReactCommon/jsc"
  React-jsi:
    :path: "../node_modules/react-native/ReactCommon/jsi"
  React-jsiexecutor:
    :path: "../node_modules/react-native/ReactCommon/jsiexecutor"
  React-jsinspector:
    :path: "../node_modules/react-native/ReactCommon/jsinspector"
  React-logger:
    :path: "../node_modules/react-native/ReactCommon/logger"
  React-perflogger:
    :path: "../node_modules/react-native/ReactCommon/reactperflogger"
  React-RCTActionSheet:
    :path: "../node_modules/react-native/Libraries/ActionSheetIOS"
  React-RCTAnimation:
    :path: "../node_modules/react-native/Libraries/NativeAnimation"
  React-RCTAppDelegate:
    :path: "../node_modules/react-native/Libraries/AppDelegate"
  React-RCTBlob:
    :path: "../node_modules/react-native/Libraries/Blob"
  React-RCTImage:
    :path: "../node_modules/react-native/Libraries/Image"
  React-RCTLinking:
    :path: "../node_modules/react-native/Libraries/LinkingIOS"
  React-RCTNetwork:
    :path: "../node_modules/react-native/Libraries/Network"
  React-RCTSettings:
    :path: "../node_modules/react-native/Libraries/Settings"
  React-RCTText:
    :path: "../node_modules/react-native/Libraries/Text"
  React-RCTVibration:
    :path: "../node_modules/react-native/Libraries/Vibration"
  React-runtimeexecutor:
    :path: "../node_modules/react-native/ReactCommon/runtimeexecutor"
  ReactCommon:
    :path: "../node_modules/react-native/ReactCommon"
  Yoga:
    :path: "../node_modules/react-native/ReactCommon/yoga"

SPEC CHECKSUMS:
  ASN1Decoder: 6110fdeacfdb41559b1481457a1645be716610aa
  boost: 57d2868c099736d80fcd648bf211b4431e51a558
  DoubleConversion: 5189b271737e1565bdce30deb4a08d647e3f5f54
  EASClient: 950674e1098ebc09c4c2cf064a61e42e84d9d4c6
  EXFileSystem: a736b6854370a36e4daee79b1f2b5bbc9df18bf4
  EXJSONUtils: de3ed1d52896922dab84c7c475b9165a2e786a56
  EXManifests: 959d55f89999c7240f3c4bb558a4f20865ee6036
  Expo: 79deb55f33fab1b232232868a74713772943238d
  expo-dev-launcher: cb998f0a6fe0ca7f390d237b607b4d29b0964853
  expo-dev-menu: 1c514e8816e8ff0685bebbfc9a6e1c80519f0bb2
  expo-dev-menu-interface: 6c82ae323c4b8724dead4763ce3ff24a2108bdb1
  ExpoClipboard: 8a36a8376ab93df9050c14577e9e0fcb805e9114
  ExpoModulesCore: 79392ab654019ea3aadeae308919c3d9dd97879c
  ExpoModulesTestCore: 01ed5a2ba39b8689c2cc3fd1112d7e051ecccd87
  EXStructuredHeaders: b1a48d732562e2cc81f11771bcfd29534f5d9254
  EXUpdates: 43ba42b63b44b3940229cd433f554f3a136af253
  EXUpdatesInterface: 353553ad3df1507f0d9e814a3dd79c7053606acd
  FBLazyVector: 446e84642979fff0ba57f3c804c2228a473aeac2
  FBReactNativeSpec: 4ac815fa6c3153e71869147c51d45f68e0b0214b
  fmt: ff9d55029c625d3757ed641535fd4a75fedc7ce9
  glog: 04b94705f318337d7ead9e6d17c019bd9b1f6b1b
  Nimble: d954d0accfd082f2225e62d71008440493e318f4
  OHHTTPStubs: 90eac6d8f2c18317baeca36698523dc67c513831
  Quick: f58aae30d750b27918005b93d870c187353a7bf0
  RCT-Folly: 424b8c9a7a0b9ab2886ffe9c3b041ef628fd4fb1
  RCTRequired: 5a024fdf458fa8c0d82fc262e76f982d4dcdecdd
  RCTTypeSafety: b6c253064466411c6810b45f66bc1e43ce0c54ba
  ReachabilitySwift: 985039c6f7b23a1da463388634119492ff86c825
  React: 715292db5bd46989419445a5547954b25d2090f0
  React-callinvoker: 105392d1179058585b564d35b4592fe1c46d6fba
  React-Codegen: bddf7cc33e6ef5dd9dee4c32d3ad25169af3892c
  React-Core: e0219b9fdb688015805f9a7d17c1bbcfc5209cea
  React-CoreModules: cd238b4bb8dc8529ccc8b34ceae7267b04ce1882
  React-cxxreact: e541a9279076a4567cf20f8f0512ffd10832befd
  React-jsc: 725bd22548e9b78504fecb8eeb228c9b1b65e296
  React-jsi: 40686d73008a968fee5ec507a48aaf7d387a56c4
  React-jsiexecutor: f423aa99034210dd6fe12723be4bf44e4e113985
  React-jsinspector: 1f51e775819199d3fe9410e69ee8d4c4161c7b06
  React-logger: 0d58569ec51d30d1792c5e86a8e3b78d24b582c6
  React-perflogger: 0bb0522a12e058f6eb69d888bc16f40c16c4b907
  React-RCTActionSheet: bfd675a10f06a18728ea15d82082d48f228a213a
  React-RCTAnimation: 2fa220b2052ec75b733112aca39143d34546a941
  React-RCTAppDelegate: bab0ad94a7e5ed63841f02253f46ed5d66c1dccd
  React-RCTBlob: b6c642da11cbe238c7fdb178dc4e805585710f97
  React-RCTImage: fec592c46edb7c12a9cde08780bdb4a688416c62
  React-RCTLinking: 14eccac5d2a3b34b89dbfa29e8ef6219a153fe2d
  React-RCTNetwork: 1fbce92e772e39ca3687a2ebb854501ff6226dd7
  React-RCTSettings: 1abea36c9bb16d9979df6c4b42e2ea281b4bbcc5
  React-RCTText: 15355c41561a9f43dfd23616d0a0dd40ba05ed61
  React-RCTVibration: ad17efcfb2fa8f6bfd8ac0cf48d96668b8b28e0b
  React-runtimeexecutor: 8fa50b38df6b992c76537993a2b0553d3b088004
  ReactCommon: 1fed1243105330aa50ad7051207b61656f5e570b
  Yoga: 79dd7410de6f8ad73a77c868d3d368843f0c93e0

PODFILE CHECKSUM: 153d7e9e42b563c44ecb39cff601e4edb7fc33f7

COCOAPODS: 1.11.2
